// !$*UTF8*$!
{
	archiveVersion = 1;
	classes = {
	};
	objectVersion = 77;
	objects = {

/* Begin PBXBuildFile section */
		2180988F8CC7EE7BED859A34 /* InputMeter.swift in Sources */ = {isa = PBXBuildFile; fileRef = 4BEAF04A33494DADC81F7950 /* InputMeter.swift */; };
		285C2108797B7E69741D24CD /* main.swift in Sources */ = {isa = PBXBuildFile; fileRef = 85DA6463E212C126308B31E5 /* main.swift */; };
		6129B77C9F2E695EE02ECE07 /* AudioDeviceManager.swift in Sources */ = {isa = PBXBuildFile; fileRef = FDD5AEC4DC6842E87924DAB1 /* AudioDeviceManager.swift */; };
		72C7FDCE69FA131481080172 /* MenuActionButton.swift in Sources */ = {isa = PBXBuildFile; fileRef = 523B68D75F034D3D2F59464E /* MenuActionButton.swift */; };
		BFC2A690B17D892042516800 /* MicPermission.swift in Sources */ = {isa = PBXBuildFile; fileRef = 6C38EBF5990E5BC5246DE880 /* MicPermission.swift */; };
		D44E59C195AFAF155D0C001B /* StatusBarController.swift in Sources */ = {isa = PBXBuildFile; fileRef = A75F8669C06C13F9B1845AA8 /* StatusBarController.swift */; };
		D996EAE32524BC89733A3083 /* AppDelegate.swift in Sources */ = {isa = PBXBuildFile; fileRef = AE21698143BA40C11466DAF8 /* AppDelegate.swift */; };
		DF6E83B99AB14FDB51FAE70D /* StatusItemContentView.swift in Sources */ = {isa = PBXBuildFile; fileRef = F91F7B3E47092331F3B6B9B5 /* StatusItemContentView.swift */; };
/* End PBXBuildFile section */

/* Begin PBXFileReference section */
		4BEAF04A33494DADC81F7950 /* InputMeter.swift */ = {isa = PBXFileReference; lastKnownFileType = sourcecode.swift; path = InputMeter.swift; sourceTree = "<group>"; };
		523B68D75F034D3D2F59464E /* MenuActionButton.swift */ = {isa = PBXFileReference; lastKnownFileType = sourcecode.swift; path = MenuActionButton.swift; sourceTree = "<group>"; };
		6C38EBF5990E5BC5246DE880 /* MicPermission.swift */ = {isa = PBXFileReference; lastKnownFileType = sourcecode.swift; path = MicPermission.swift; sourceTree = "<group>"; };
		85DA6463E212C126308B31E5 /* main.swift */ = {isa = PBXFileReference; lastKnownFileType = sourcecode.swift; path = main.swift; sourceTree = "<group>"; };
		90A3D6A0EBC3296921B023B0 /* IsMyMicOn.app */ = {isa = PBXFileReference; explicitFileType = wrapper.application; includeInIndex = 0; path = IsMyMicOn.app; sourceTree = BUILT_PRODUCTS_DIR; };
		A75F8669C06C13F9B1845AA8 /* StatusBarController.swift */ = {isa = PBXFileReference; lastKnownFileType = sourcecode.swift; path = StatusBarController.swift; sourceTree = "<group>"; };
		AE21698143BA40C11466DAF8 /* AppDelegate.swift */ = {isa = PBXFileReference; lastKnownFileType = sourcecode.swift; path = AppDelegate.swift; sourceTree = "<group>"; };
		F91F7B3E47092331F3B6B9B5 /* StatusItemContentView.swift */ = {isa = PBXFileReference; lastKnownFileType = sourcecode.swift; path = StatusItemContentView.swift; sourceTree = "<group>"; };
		FDD5AEC4DC6842E87924DAB1 /* AudioDeviceManager.swift */ = {isa = PBXFileReference; lastKnownFileType = sourcecode.swift; path = AudioDeviceManager.swift; sourceTree = "<group>"; };
/* End PBXFileReference section */

/* Begin PBXGroup section */
		19DD9EACCC42F7E7570E5736 /* Sources */ = {
			isa = PBXGroup;
			children = (
				AE21698143BA40C11466DAF8 /* AppDelegate.swift */,
				FDD5AEC4DC6842E87924DAB1 /* AudioDeviceManager.swift */,
				4BEAF04A33494DADC81F7950 /* InputMeter.swift */,
				85DA6463E212C126308B31E5 /* main.swift */,
				523B68D75F034D3D2F59464E /* MenuActionButton.swift */,
				6C38EBF5990E5BC5246DE880 /* MicPermission.swift */,
				A75F8669C06C13F9B1845AA8 /* StatusBarController.swift */,
				F91F7B3E47092331F3B6B9B5 /* StatusItemContentView.swift */,
			);
			path = Sources;
			sourceTree = "<group>";
		};
		5338F660E3E2B8E701F6544D = {
			isa = PBXGroup;
			children = (
				19DD9EACCC42F7E7570E5736 /* Sources */,
				EF1EFB612F0951AB364CDD92 /* Products */,
			);
			sourceTree = "<group>";
		};
		EF1EFB612F0951AB364CDD92 /* Products */ = {
			isa = PBXGroup;
			children = (
				90A3D6A0EBC3296921B023B0 /* IsMyMicOn.app */,
			);
			name = Products;
			sourceTree = "<group>";
		};
/* End PBXGroup section */

/* Begin PBXNativeTarget section */
		BB5CB38B64A59552EB4CFEFE /* IsMyMicOn */ = {
			isa = PBXNativeTarget;
			buildConfigurationList = 50FC7B1CBA7E85C3E420909E /* Build configuration list for PBXNativeTarget "IsMyMicOn" */;
			buildPhases = (
				B2CC7A7FA69321F159C71E44 /* Sources */,
			);
			buildRules = (
			);
			dependencies = (
			);
			name = IsMyMicOn;
			packageProductDependencies = (
			);
			productName = IsMyMicOn;
			productReference = 90A3D6A0EBC3296921B023B0 /* IsMyMicOn.app */;
			productType = "com.apple.product-type.application";
		};
/* End PBXNativeTarget section */

/* Begin PBXProject section */
		5651EFE46C9D983A08C52598 /* Project object */ = {
			isa = PBXProject;
			attributes = {
				BuildIndependentTargetsInParallel = YES;
				LastUpgradeCheck = 1430;
			};
			buildConfigurationList = 907CF26A71E00685D2945147 /* Build configuration list for PBXProject "IsMyMicOn" */;
			compatibilityVersion = "Xcode 14.0";
			developmentRegion = en;
			hasScannedForEncodings = 0;
			knownRegions = (
				Base,
				en,
			);
			mainGroup = 5338F660E3E2B8E701F6544D;
			minimizedProjectReferenceProxies = 1;
			preferredProjectObjectVersion = 77;
			projectDirPath = "";
			projectRoot = "";
			targets = (
				BB5CB38B64A59552EB4CFEFE /* IsMyMicOn */,
			);
		};
/* End PBXProject section */

/* Begin PBXSourcesBuildPhase section */
		B2CC7A7FA69321F159C71E44 /* Sources */ = {
			isa = PBXSourcesBuildPhase;
			buildActionMask = 2147483647;
			files = (
				D996EAE32524BC89733A3083 /* AppDelegate.swift in Sources */,
				6129B77C9F2E695EE02ECE07 /* AudioDeviceManager.swift in Sources */,
				2180988F8CC7EE7BED859A34 /* InputMeter.swift in Sources */,
				72C7FDCE69FA131481080172 /* MenuActionButton.swift in Sources */,
				BFC2A690B17D892042516800 /* MicPermission.swift in Sources */,
				D44E59C195AFAF155D0C001B /* StatusBarController.swift in Sources */,
				DF6E83B99AB14FDB51FAE70D /* StatusItemContentView.swift in Sources */,
				285C2108797B7E69741D24CD /* main.swift in Sources */,
			);
			runOnlyForDeploymentPostprocessing = 0;
		};
/* End PBXSourcesBuildPhase section */

/* Begin XCBuildConfiguration section */
		43D6D0F33AD2C2CD59D219C0 /* Debug */ = {
			isa = XCBuildConfiguration;
			buildSettings = {
				ALWAYS_SEARCH_USER_PATHS = NO;
				CLANG_ANALYZER_NONNULL = YES;
				CLANG_ANALYZER_NUMBER_OBJECT_CONVERSION = YES_AGGRESSIVE;
				CLANG_CXX_LANGUAGE_STANDARD = "gnu++14";
				CLANG_CXX_LIBRARY = "libc++";
				CLANG_ENABLE_MODULES = YES;
				CLANG_ENABLE_OBJC_ARC = YES;
				CLANG_ENABLE_OBJC_WEAK = YES;
				CLANG_WARN_BLOCK_CAPTURE_AUTORELEASING = YES;
				CLANG_WARN_BOOL_CONVERSION = YES;
				CLANG_WARN_COMMA = YES;
				CLANG_WARN_CONSTANT_CONVERSION = YES;
				CLANG_WARN_DEPRECATED_OBJC_IMPLEMENTATIONS = YES;
				CLANG_WARN_DIRECT_OBJC_ISA_USAGE = YES_ERROR;
				CLANG_WARN_DOCUMENTATION_COMMENTS = YES;
				CLANG_WARN_EMPTY_BODY = YES;
				CLANG_WARN_ENUM_CONVERSION = YES;
				CLANG_WARN_INFINITE_RECURSION = YES;
				CLANG_WARN_INT_CONVERSION = YES;
				CLANG_WARN_NON_LITERAL_NULL_CONVERSION = YES;
				CLANG_WARN_OBJC_IMPLICIT_RETAIN_SELF = YES;
				CLANG_WARN_OBJC_LITERAL_CONVERSION = YES;
				CLANG_WARN_OBJC_ROOT_CLASS = YES_ERROR;
				CLANG_WARN_QUOTED_INCLUDE_IN_FRAMEWORK_HEADER = YES;
				CLANG_WARN_RANGE_LOOP_ANALYSIS = YES;
				CLANG_WARN_STRICT_PROTOTYPES = YES;
				CLANG_WARN_SUSPICIOUS_MOVE = YES;
				CLANG_WARN_UNGUARDED_AVAILABILITY = YES_AGGRESSIVE;
				CLANG_WARN_UNREACHABLE_CODE = YES;
				CLANG_WARN__DUPLICATE_METHOD_MATCH = YES;
				COPY_PHASE_STRIP = NO;
				DEBUG_INFORMATION_FORMAT = dwarf;
				ENABLE_STRICT_OBJC_MSGSEND = YES;
				ENABLE_TESTABILITY = YES;
				GCC_C_LANGUAGE_STANDARD = gnu11;
				GCC_DYNAMIC_NO_PIC = NO;
				GCC_NO_COMMON_BLOCKS = YES;
				GCC_OPTIMIZATION_LEVEL = 0;
				GCC_PREPROCESSOR_DEFINITIONS = (
					"$(inherited)",
					"DEBUG=1",
				);
				GCC_WARN_64_TO_32_BIT_CONVERSION = YES;
				GCC_WARN_ABOUT_RETURN_TYPE = YES_ERROR;
				GCC_WARN_UNDECLARED_SELECTOR = YES;
				GCC_WARN_UNINITIALIZED_AUTOS = YES_AGGRESSIVE;
				GCC_WARN_UNUSED_FUNCTION = YES;
				GCC_WARN_UNUSED_VARIABLE = YES;
				MACOSX_DEPLOYMENT_TARGET = 11.0;
				MTL_ENABLE_DEBUG_INFO = INCLUDE_SOURCE;
				MTL_FAST_MATH = YES;
				ONLY_ACTIVE_ARCH = YES;
				PRODUCT_NAME = "$(TARGET_NAME)";
				SDKROOT = macosx;
				SWIFT_ACTIVE_COMPILATION_CONDITIONS = DEBUG;
				SWIFT_OPTIMIZATION_LEVEL = "-Onone";
				SWIFT_VERSION = 5.0;
			};
			name = Debug;
		};
		5E47D77224DAB97E2F1E339E /* Release */ = {
			isa = XCBuildConfiguration;
			buildSettings = {
				ASSETCATALOG_COMPILER_APPICON_NAME = AppIcon;
				COMBINE_HIDPI_IMAGES = YES;
				CURRENT_PROJECT_VERSION = 1;
				INFOPLIST_FILE = Info.plist;
				LD_RUNPATH_SEARCH_PATHS = (
					"$(inherited)",
					"@executable_path/../Frameworks",
				);
				MARKETING_VERSION = 0.1.0;
				PRODUCT_BUNDLE_IDENTIFIER = com.yansenzhou.ismymicon;
				SDKROOT = macosx;
			};
			name = Release;
		};
		9E49C755F87AA5ADDE465A8B /* Release */ = {
			isa = XCBuildConfiguration;
			buildSettings = {
				ALWAYS_SEARCH_USER_PATHS = NO;
				CLANG_ANALYZER_NONNULL = YES;
				CLANG_ANALYZER_NUMBER_OBJECT_CONVERSION = YES_AGGRESSIVE;
				CLANG_CXX_LANGUAGE_STANDARD = "gnu++14";
				CLANG_CXX_LIBRARY = "libc++";
				CLANG_ENABLE_MODULES = YES;
				CLANG_ENABLE_OBJC_ARC = YES;
				CLANG_ENABLE_OBJC_WEAK = YES;
				CLANG_WARN_BLOCK_CAPTURE_AUTORELEASING = YES;
				CLANG_WARN_BOOL_CONVERSION = YES;
				CLANG_WARN_COMMA = YES;
				CLANG_WARN_CONSTANT_CONVERSION = YES;
				CLANG_WARN_DEPRECATED_OBJC_IMPLEMENTATIONS = YES;
				CLANG_WARN_DIRECT_OBJC_ISA_USAGE = YES_ERROR;
				CLANG_WARN_DOCUMENTATION_COMMENTS = YES;
				CLANG_WARN_EMPTY_BODY = YES;
				CLANG_WARN_ENUM_CONVERSION = YES;
				CLANG_WARN_INFINITE_RECURSION = YES;
				CLANG_WARN_INT_CONVERSION = YES;
				CLANG_WARN_NON_LITERAL_NULL_CONVERSION = YES;
				CLANG_WARN_OBJC_IMPLICIT_RETAIN_SELF = YES;
				CLANG_WARN_OBJC_LITERAL_CONVERSION = YES;
				CLANG_WARN_OBJC_ROOT_CLASS = YES_ERROR;
				CLANG_WARN_QUOTED_INCLUDE_IN_FRAMEWORK_HEADER = YES;
				CLANG_WARN_RANGE_LOOP_ANALYSIS = YES;
				CLANG_WARN_STRICT_PROTOTYPES = YES;
				CLANG_WARN_SUSPICIOUS_MOVE = YES;
				CLANG_WARN_UNGUARDED_AVAILABILITY = YES_AGGRESSIVE;
				CLANG_WARN_UNREACHABLE_CODE = YES;
				CLANG_WARN__DUPLICATE_METHOD_MATCH = YES;
				COPY_PHASE_STRIP = NO;
				DEBUG_INFORMATION_FORMAT = "dwarf-with-dsym";
				ENABLE_NS_ASSERTIONS = NO;
				ENABLE_STRICT_OBJC_MSGSEND = YES;
				GCC_C_LANGUAGE_STANDARD = gnu11;
				GCC_NO_COMMON_BLOCKS = YES;
				GCC_WARN_64_TO_32_BIT_CONVERSION = YES;
				GCC_WARN_ABOUT_RETURN_TYPE = YES_ERROR;
				GCC_WARN_UNDECLARED_SELECTOR = YES;
				GCC_WARN_UNINITIALIZED_AUTOS = YES_AGGRESSIVE;
				GCC_WARN_UNUSED_FUNCTION = YES;
				GCC_WARN_UNUSED_VARIABLE = YES;
				MACOSX_DEPLOYMENT_TARGET = 11.0;
				MTL_ENABLE_DEBUG_INFO = NO;
				MTL_FAST_MATH = YES;
				PRODUCT_NAME = "$(TARGET_NAME)";
				SDKROOT = macosx;
				SWIFT_COMPILATION_MODE = wholemodule;
				SWIFT_OPTIMIZATION_LEVEL = "-O";
				SWIFT_VERSION = 5.0;
			};
			name = Release;
		};
		ABE223ABC9639C55C70A7AC0 /* Debug */ = {
			isa = XCBuildConfiguration;
			buildSettings = {
				ASSETCATALOG_COMPILER_APPICON_NAME = AppIcon;
				COMBINE_HIDPI_IMAGES = YES;
				CURRENT_PROJECT_VERSION = 1;
				INFOPLIST_FILE = Info.plist;
				LD_RUNPATH_SEARCH_PATHS = (
					"$(inherited)",
					"@executable_path/../Frameworks",
				);
				MARKETING_VERSION = 0.1.0;
				PRODUCT_BUNDLE_IDENTIFIER = com.yansenzhou.ismymicon;
				SDKROOT = macosx;
			};
			name = Debug;
		};
/* End XCBuildConfiguration section */

/* Begin XCConfigurationList section */
		50FC7B1CBA7E85C3E420909E /* Build configuration list for PBXNativeTarget "IsMyMicOn" */ = {
			isa = XCConfigurationList;
			buildConfigurations = (
				ABE223ABC9639C55C70A7AC0 /* Debug */,
				5E47D77224DAB97E2F1E339E /* Release */,
			);
			defaultConfigurationIsVisible = 0;
			defaultConfigurationName = Debug;
		};
		907CF26A71E00685D2945147 /* Build configuration list for PBXProject "IsMyMicOn" */ = {
			isa = XCConfigurationList;
			buildConfigurations = (
				43D6D0F33AD2C2CD59D219C0 /* Debug */,
				9E49C755F87AA5ADDE465A8B /* Release */,
			);
			defaultConfigurationIsVisible = 0;
			defaultConfigurationName = Debug;
		};
/* End XCConfigurationList section */
	};
	rootObject = 5651EFE46C9D983A08C52598 /* Project object */;
}
